
Microsoft Visual Studio Solution File, Format Version 12.00
# Visual Studio Version 16
VisualStudioVersion = 16.0.30114.105
MinimumVisualStudioVersion = 10.0.40219.1
Project("{FAE04EC0-301F-11D3-BF4B-00C04F79EFBC}") = "workWithDelegates", "workWithDelegates.csproj", "{ADC91774-6167-4002-8077-AC4215BA9ED3}"
EndProject
Global
	GlobalSection(SolutionConfigurationPlatforms) = preSolution
		Debug|Any CPU = Debug|Any CPU
		Release|Any CPU = Release|Any CPU
	EndGlobalSection
	GlobalSection(ProjectConfigurationPlatforms) = postSolution
		{ADC91774-6167-4002-8077-AC4215BA9ED3}.Debug|Any CPU.ActiveCfg = Debug|Any CPU
		{ADC91774-6167-4002-8077-AC4215BA9ED3}.Debug|Any CPU.Build.0 = Debug|Any CPU
		{ADC91774-6167-4002-8077-AC4215BA9ED3}.Release|Any CPU.ActiveCfg = Release|Any CPU
		{ADC91774-6167-4002-8077-AC4215BA9ED3}.Release|Any CPU.Build.0 = Release|Any CPU
	EndGlobalSection
	GlobalSection(SolutionProperties) = preSolution
		HideSolutionNode = FALSE
	EndGlobalSection
	GlobalSection(ExtensibilityGlobals) = postSolution
		SolutionGuid = {231CD205-E7EF-4F90-A317-2464D29481EA}
	EndGlobalSection
EndGlobal
